<Solution>
  <Folder Name="/bench/">
    <Project Path="bench/MiniDb.Bench/MiniDb.Bench.csproj" />
  </Folder>
  <Folder Name="/src/">
    <Project Path="src/MiniDb/MiniDb.csproj" />
  </Folder>
  <Folder Name="/tests/">
    <Project Path="tests/MiniDb.Tests/MiniDb.Tests.csproj" />
  </Folder>
</Solution>
